
Microsoft Visual Studio Solution File, Format Version 12.00
# Visual Studio 15
VisualStudioVersion = 15.0.27130.2027
MinimumVisualStudioVersion = 10.0.40219.1
Project("{FAE04EC0-301F-11D3-BF4B-00C04F79EFBC}") = "LessonOne", "LessonOne\LessonOne.csproj", "{ACB42534-1EC4-410A-AF37-F2726CEEA567}"
EndProject
Project("{FAE04EC0-301F-11D3-BF4B-00C04F79EFBC}") = "ProgramCars", "ProgramCars\ProgramCars.csproj", "{B6507AF7-D157-4F9F-B93A-5378BCE7EA37}"
EndProject
Project("{FAE04EC0-301F-11D3-BF4B-00C04F79EFBC}") = "Video9", "Video9\Video9.csproj", "{CF3ABA51-571F-43E2-BE7E-48D457AA9A73}"
EndProject
Project("{FAE04EC0-301F-11D3-BF4B-00C04F79EFBC}") = "Video10", "Video10\Video10.csproj", "{96330327-23D1-412D-B68A-887FB7834833}"
EndProject
Project("{FAE04EC0-301F-11D3-BF4B-00C04F79EFBC}") = "Video11", "Video11\Video11.csproj", "{E3B98892-4A73-41C2-AB8E-33E845042FCA}"
EndProject
Project("{FAE04EC0-301F-11D3-BF4B-00C04F79EFBC}") = "Video12", "ConsoleApp1\Video12.csproj", "{97468D92-2D90-4A74-BB82-65E1AFA3924A}"
EndProject
Project("{FAE04EC0-301F-11D3-BF4B-00C04F79EFBC}") = "Video13", "Video13\Video13.csproj", "{AFB6B26A-3FF6-4447-A24E-66C3AB5EB616}"
EndProject
Global
	GlobalSection(SolutionConfigurationPlatforms) = preSolution
		Debug|Any CPU = Debug|Any CPU
		Release|Any CPU = Release|Any CPU
	EndGlobalSection
	GlobalSection(ProjectConfigurationPlatforms) = postSolution
		{ACB42534-1EC4-410A-AF37-F2726CEEA567}.Debug|Any CPU.ActiveCfg = Debug|Any CPU
		{ACB42534-1EC4-410A-AF37-F2726CEEA567}.Debug|Any CPU.Build.0 = Debug|Any CPU
		{ACB42534-1EC4-410A-AF37-F2726CEEA567}.Release|Any CPU.ActiveCfg = Release|Any CPU
		{ACB42534-1EC4-410A-AF37-F2726CEEA567}.Release|Any CPU.Build.0 = Release|Any CPU
		{B6507AF7-D157-4F9F-B93A-5378BCE7EA37}.Debug|Any CPU.ActiveCfg = Debug|Any CPU
		{B6507AF7-D157-4F9F-B93A-5378BCE7EA37}.Debug|Any CPU.Build.0 = Debug|Any CPU
		{B6507AF7-D157-4F9F-B93A-5378BCE7EA37}.Release|Any CPU.ActiveCfg = Release|Any CPU
		{B6507AF7-D157-4F9F-B93A-5378BCE7EA37}.Release|Any CPU.Build.0 = Release|Any CPU
		{CF3ABA51-571F-43E2-BE7E-48D457AA9A73}.Debug|Any CPU.ActiveCfg = Debug|Any CPU
		{CF3ABA51-571F-43E2-BE7E-48D457AA9A73}.Debug|Any CPU.Build.0 = Debug|Any CPU
		{CF3ABA51-571F-43E2-BE7E-48D457AA9A73}.Release|Any CPU.ActiveCfg = Release|Any CPU
		{CF3ABA51-571F-43E2-BE7E-48D457AA9A73}.Release|Any CPU.Build.0 = Release|Any CPU
		{96330327-23D1-412D-B68A-887FB7834833}.Debug|Any CPU.ActiveCfg = Debug|Any CPU
		{96330327-23D1-412D-B68A-887FB7834833}.Debug|Any CPU.Build.0 = Debug|Any CPU
		{96330327-23D1-412D-B68A-887FB7834833}.Release|Any CPU.ActiveCfg = Release|Any CPU
		{96330327-23D1-412D-B68A-887FB7834833}.Release|Any CPU.Build.0 = Release|Any CPU
		{E3B98892-4A73-41C2-AB8E-33E845042FCA}.Debug|Any CPU.ActiveCfg = Debug|Any CPU
		{E3B98892-4A73-41C2-AB8E-33E845042FCA}.Debug|Any CPU.Build.0 = Debug|Any CPU
		{E3B98892-4A73-41C2-AB8E-33E845042FCA}.Release|Any CPU.ActiveCfg = Release|Any CPU
		{E3B98892-4A73-41C2-AB8E-33E845042FCA}.Release|Any CPU.Build.0 = Release|Any CPU
		{97468D92-2D90-4A74-BB82-65E1AFA3924A}.Debug|Any CPU.ActiveCfg = Debug|Any CPU
		{97468D92-2D90-4A74-BB82-65E1AFA3924A}.Debug|Any CPU.Build.0 = Debug|Any CPU
		{97468D92-2D90-4A74-BB82-65E1AFA3924A}.Release|Any CPU.ActiveCfg = Release|Any CPU
		{97468D92-2D90-4A74-BB82-65E1AFA3924A}.Release|Any CPU.Build.0 = Release|Any CPU
		{AFB6B26A-3FF6-4447-A24E-66C3AB5EB616}.Debug|Any CPU.ActiveCfg = Debug|Any CPU
		{AFB6B26A-3FF6-4447-A24E-66C3AB5EB616}.Debug|Any CPU.Build.0 = Debug|Any CPU
		{AFB6B26A-3FF6-4447-A24E-66C3AB5EB616}.Release|Any CPU.ActiveCfg = Release|Any CPU
		{AFB6B26A-3FF6-4447-A24E-66C3AB5EB616}.Release|Any CPU.Build.0 = Release|Any CPU
	EndGlobalSection
	GlobalSection(SolutionProperties) = preSolution
		HideSolutionNode = FALSE
	EndGlobalSection
	GlobalSection(ExtensibilityGlobals) = postSolution
		SolutionGuid = {38CDFF17-FE4E-4325-B654-D6E329E581B4}
	EndGlobalSection
EndGlobal
